#
# ATTENTION CE FICHIER EST GENERE AUTOMATIQUEMENT !
#

version: 1.46.3
generatedFiles:
  - ./src/main/javagen/io/github/kleecontrib/spring/client/yousign/ApproverClient.java
  - ./src/main/javagen/io/github/kleecontrib/spring/client/yousign/AuditTrailClient.java
  - ./src/main/javagen/io/github/kleecontrib/spring/client/yousign/ConsumptionClient.java
  - ./src/main/javagen/io/github/kleecontrib/spring/client/yousign/ContactClient.java
  - ./src/main/javagen/io/github/kleecontrib/spring/client/yousign/CustomExperienceClient.java
  - ./src/main/javagen/io/github/kleecontrib/spring/client/yousign/DocumentClient.java
  - ./src/main/javagen/io/github/kleecontrib/spring/client/yousign/ElectronicSealClient.java
  - ./src/main/javagen/io/github/kleecontrib/spring/client/yousign/FieldClient.java
  - ./src/main/javagen/io/github/kleecontrib/spring/client/yousign/FollowerClient.java
  - ./src/main/javagen/io/github/kleecontrib/spring/client/yousign/MetadataClient.java
  - ./src/main/javagen/io/github/kleecontrib/spring/client/yousign/SignatureRequestClient.java
  - ./src/main/javagen/io/github/kleecontrib/spring/client/yousign/SignerClient.java
  - ./src/main/javagen/io/github/kleecontrib/spring/client/yousign/SignerDocumentRequestClient.java
  - ./src/main/javagen/io/github/kleecontrib/spring/client/yousign/TemplateClient.java
  - ./src/main/javagen/io/github/kleecontrib/spring/client/yousign/UserClient.java
  - ./src/main/javagen/io/github/kleecontrib/spring/client/yousign/WebhookClient.java
  - ./src/main/javagen/io/github/kleecontrib/spring/client/yousign/WorkspaceClient.java
  - ./src/main/javagen/io/github/kleecontrib/spring/model/dtos/yousign/Approver.java
  - ./src/main/javagen/io/github/kleecontrib/spring/model/dtos/yousign/ApproverInfo.java
  - ./src/main/javagen/io/github/kleecontrib/spring/model/dtos/yousign/ApproverInfoLocale.java
  - ./src/main/javagen/io/github/kleecontrib/spring/model/dtos/yousign/ApproverStatus.java
  - ./src/main/javagen/io/github/kleecontrib/spring/model/dtos/yousign/ApproverToNotify.java
  - ./src/main/javagen/io/github/kleecontrib/spring/model/dtos/yousign/ApproverToNotifyStatus.java
  - ./src/main/javagen/io/github/kleecontrib/spring/model/dtos/yousign/AuditTrailLocale.java
  - ./src/main/javagen/io/github/kleecontrib/spring/model/dtos/yousign/Checkbox.java
  - ./src/main/javagen/io/github/kleecontrib/spring/model/dtos/yousign/Checkbox1.java
  - ./src/main/javagen/io/github/kleecontrib/spring/model/dtos/yousign/Checkbox2.java
  - ./src/main/javagen/io/github/kleecontrib/spring/model/dtos/yousign/Checkbox2Type.java
  - ./src/main/javagen/io/github/kleecontrib/spring/model/dtos/yousign/CheckboxType.java
  - ./src/main/javagen/io/github/kleecontrib/spring/model/dtos/yousign/Consumption.java
  - ./src/main/javagen/io/github/kleecontrib/spring/model/dtos/yousign/ConsumptionApi.java
  - ./src/main/javagen/io/github/kleecontrib/spring/model/dtos/yousign/ConsumptionApp.java
  - ./src/main/javagen/io/github/kleecontrib/spring/model/dtos/yousign/ConsumptionAppQualifiedElectronicSignatureIdentificationMode.java
  - ./src/main/javagen/io/github/kleecontrib/spring/model/dtos/yousign/ConsumptionAppQualifiedElectronicSignatureIdentificationModeIdentityVerification.java
  - ./src/main/javagen/io/github/kleecontrib/spring/model/dtos/yousign/Contact.java
  - ./src/main/javagen/io/github/kleecontrib/spring/model/dtos/yousign/CreateContact.java
  - ./src/main/javagen/io/github/kleecontrib/spring/model/dtos/yousign/CreateContactLocale.java
  - ./src/main/javagen/io/github/kleecontrib/spring/model/dtos/yousign/CreateCustomExperience.java
  - ./src/main/javagen/io/github/kleecontrib/spring/model/dtos/yousign/CreateCustomExperienceRedirectUrls.java
  - ./src/main/javagen/io/github/kleecontrib/spring/model/dtos/yousign/CreateDocument.java
  - ./src/main/javagen/io/github/kleecontrib/spring/model/dtos/yousign/CreateDocumentNature.java
  - ./src/main/javagen/io/github/kleecontrib/spring/model/dtos/yousign/CreateElectronicSealFieldReadOnlyTextPayload.java
  - ./src/main/javagen/io/github/kleecontrib/spring/model/dtos/yousign/CreateElectronicSealFieldReadOnlyTextPayloadType.java
  - ./src/main/javagen/io/github/kleecontrib/spring/model/dtos/yousign/CreateElectronicSealFieldSealPayload.java
  - ./src/main/javagen/io/github/kleecontrib/spring/model/dtos/yousign/CreateElectronicSealFieldSealPayloadType.java
  - ./src/main/javagen/io/github/kleecontrib/spring/model/dtos/yousign/CreateElectronicSealPayload.java
  - ./src/main/javagen/io/github/kleecontrib/spring/model/dtos/yousign/CreateElectronicSealPayloadFieldsInner.java
  - ./src/main/javagen/io/github/kleecontrib/spring/model/dtos/yousign/CreateElectronicSealPayloadSignatureLevel.java
  - ./src/main/javagen/io/github/kleecontrib/spring/model/dtos/yousign/CreateField.java
  - ./src/main/javagen/io/github/kleecontrib/spring/model/dtos/yousign/CreateFieldFont.java
  - ./src/main/javagen/io/github/kleecontrib/spring/model/dtos/yousign/CreateFieldFontFamily.java
  - ./src/main/javagen/io/github/kleecontrib/spring/model/dtos/yousign/CreateFollower.java
  - ./src/main/javagen/io/github/kleecontrib/spring/model/dtos/yousign/CreateFollowerLocale.java
  - ./src/main/javagen/io/github/kleecontrib/spring/model/dtos/yousign/CreateFollowersInner.java
  - ./src/main/javagen/io/github/kleecontrib/spring/model/dtos/yousign/CreateFollowersInnerLocale.java
  - ./src/main/javagen/io/github/kleecontrib/spring/model/dtos/yousign/CreateSignatureRequest.java
  - ./src/main/javagen/io/github/kleecontrib/spring/model/dtos/yousign/CreateSignatureRequestDeliveryMode.java
  - ./src/main/javagen/io/github/kleecontrib/spring/model/dtos/yousign/CreateSignatureRequestMetadata.java
  - ./src/main/javagen/io/github/kleecontrib/spring/model/dtos/yousign/CreateSignatureRequestReminderSettings.java
  - ./src/main/javagen/io/github/kleecontrib/spring/model/dtos/yousign/CreateSignatureRequestReminderSettingsIntervalInDays.java
  - ./src/main/javagen/io/github/kleecontrib/spring/model/dtos/yousign/CreateSignatureRequestSignersInner.java
  - ./src/main/javagen/io/github/kleecontrib/spring/model/dtos/yousign/CreateSignatureRequestTemplatePlaceholders.java
  - ./src/main/javagen/io/github/kleecontrib/spring/model/dtos/yousign/CreateSignatureRequestTemplatePlaceholdersSignersInner.java
  - ./src/main/javagen/io/github/kleecontrib/spring/model/dtos/yousign/CreateSigner.java
  - ./src/main/javagen/io/github/kleecontrib/spring/model/dtos/yousign/CreateSignerDocumentRequest.java
  - ./src/main/javagen/io/github/kleecontrib/spring/model/dtos/yousign/CreateWebhookSubscription.java
  - ./src/main/javagen/io/github/kleecontrib/spring/model/dtos/yousign/CustomExperience.java
  - ./src/main/javagen/io/github/kleecontrib/spring/model/dtos/yousign/CustomExperienceDisabledNotificationsType.java
  - ./src/main/javagen/io/github/kleecontrib/spring/model/dtos/yousign/CustomExperienceRedirectUrls.java
  - ./src/main/javagen/io/github/kleecontrib/spring/model/dtos/yousign/CustomExperienceSource.java
  - ./src/main/javagen/io/github/kleecontrib/spring/model/dtos/yousign/Document.java
  - ./src/main/javagen/io/github/kleecontrib/spring/model/dtos/yousign/DocumentInitials.java
  - ./src/main/javagen/io/github/kleecontrib/spring/model/dtos/yousign/DocumentInitialsAlignment.java
  - ./src/main/javagen/io/github/kleecontrib/spring/model/dtos/yousign/DocumentNature.java
  - ./src/main/javagen/io/github/kleecontrib/spring/model/dtos/yousign/ElectronicSeal.java
  - ./src/main/javagen/io/github/kleecontrib/spring/model/dtos/yousign/ElectronicSealAuditTrail.java
  - ./src/main/javagen/io/github/kleecontrib/spring/model/dtos/yousign/ElectronicSealDocument.java
  - ./src/main/javagen/io/github/kleecontrib/spring/model/dtos/yousign/ElectronicSealImage.java
  - ./src/main/javagen/io/github/kleecontrib/spring/model/dtos/yousign/ElectronicSealSignatureLevel.java
  - ./src/main/javagen/io/github/kleecontrib/spring/model/dtos/yousign/ElectronicSealStatus.java
  - ./src/main/javagen/io/github/kleecontrib/spring/model/dtos/yousign/EmbeddedSignerWithSignatureLink.java
  - ./src/main/javagen/io/github/kleecontrib/spring/model/dtos/yousign/EmbeddedSignerWithSignatureLinkStatus.java
  - ./src/main/javagen/io/github/kleecontrib/spring/model/dtos/yousign/FieldCheckbox.java
  - ./src/main/javagen/io/github/kleecontrib/spring/model/dtos/yousign/FieldCheckboxType.java
  - ./src/main/javagen/io/github/kleecontrib/spring/model/dtos/yousign/FieldMention.java
  - ./src/main/javagen/io/github/kleecontrib/spring/model/dtos/yousign/FieldMentionType.java
  - ./src/main/javagen/io/github/kleecontrib/spring/model/dtos/yousign/FieldRadioButtonGroup.java
  - ./src/main/javagen/io/github/kleecontrib/spring/model/dtos/yousign/FieldRadioButtonGroupRadiosInner.java
  - ./src/main/javagen/io/github/kleecontrib/spring/model/dtos/yousign/FieldRadioButtonGroupType.java
  - ./src/main/javagen/io/github/kleecontrib/spring/model/dtos/yousign/FieldReadOnlyText.java
  - ./src/main/javagen/io/github/kleecontrib/spring/model/dtos/yousign/FieldReadOnlyTextType.java
  - ./src/main/javagen/io/github/kleecontrib/spring/model/dtos/yousign/FieldSignature.java
  - ./src/main/javagen/io/github/kleecontrib/spring/model/dtos/yousign/FieldSignatureType.java
  - ./src/main/javagen/io/github/kleecontrib/spring/model/dtos/yousign/FieldsInput.java
  - ./src/main/javagen/io/github/kleecontrib/spring/model/dtos/yousign/FieldText.java
  - ./src/main/javagen/io/github/kleecontrib/spring/model/dtos/yousign/FieldTextType.java
  - ./src/main/javagen/io/github/kleecontrib/spring/model/dtos/yousign/Follower.java
  - ./src/main/javagen/io/github/kleecontrib/spring/model/dtos/yousign/FollowerLocale.java
  - ./src/main/javagen/io/github/kleecontrib/spring/model/dtos/yousign/Font.java
  - ./src/main/javagen/io/github/kleecontrib/spring/model/dtos/yousign/FontFamily.java
  - ./src/main/javagen/io/github/kleecontrib/spring/model/dtos/yousign/FontVariants.java
  - ./src/main/javagen/io/github/kleecontrib/spring/model/dtos/yousign/FromExistingContact.java
  - ./src/main/javagen/io/github/kleecontrib/spring/model/dtos/yousign/FromExistingContact1.java
  - ./src/main/javagen/io/github/kleecontrib/spring/model/dtos/yousign/FromExistingContact1DeliveryMode.java
  - ./src/main/javagen/io/github/kleecontrib/spring/model/dtos/yousign/FromExistingContact1SignatureAuthenticationMode.java
  - ./src/main/javagen/io/github/kleecontrib/spring/model/dtos/yousign/FromExistingContact1SignatureLevel.java
  - ./src/main/javagen/io/github/kleecontrib/spring/model/dtos/yousign/FromExistingSigner.java
  - ./src/main/javagen/io/github/kleecontrib/spring/model/dtos/yousign/FromExistingUser.java
  - ./src/main/javagen/io/github/kleecontrib/spring/model/dtos/yousign/FromExistingUser1.java
  - ./src/main/javagen/io/github/kleecontrib/spring/model/dtos/yousign/FromExistingUser1DeliveryMode.java
  - ./src/main/javagen/io/github/kleecontrib/spring/model/dtos/yousign/FromExistingUser1SignatureAuthenticationMode.java
  - ./src/main/javagen/io/github/kleecontrib/spring/model/dtos/yousign/FromExistingUser1SignatureLevel.java
  - ./src/main/javagen/io/github/kleecontrib/spring/model/dtos/yousign/FromScratch.java
  - ./src/main/javagen/io/github/kleecontrib/spring/model/dtos/yousign/FromScratch1.java
  - ./src/main/javagen/io/github/kleecontrib/spring/model/dtos/yousign/FromScratch1CustomText.java
  - ./src/main/javagen/io/github/kleecontrib/spring/model/dtos/yousign/FromScratch1DeliveryMode.java
  - ./src/main/javagen/io/github/kleecontrib/spring/model/dtos/yousign/FromScratch1Info.java
  - ./src/main/javagen/io/github/kleecontrib/spring/model/dtos/yousign/FromScratch1InfoLocale.java
  - ./src/main/javagen/io/github/kleecontrib/spring/model/dtos/yousign/FromScratch1RedirectUrls.java
  - ./src/main/javagen/io/github/kleecontrib/spring/model/dtos/yousign/FromScratch1SignatureAuthenticationMode.java
  - ./src/main/javagen/io/github/kleecontrib/spring/model/dtos/yousign/FromScratch1SignatureLevel.java
  - ./src/main/javagen/io/github/kleecontrib/spring/model/dtos/yousign/FromScratchInfo.java
  - ./src/main/javagen/io/github/kleecontrib/spring/model/dtos/yousign/FromScratchInfoLocale.java
  - ./src/main/javagen/io/github/kleecontrib/spring/model/dtos/yousign/GetContacts200Response.java
  - ./src/main/javagen/io/github/kleecontrib/spring/model/dtos/yousign/GetCustomExperiences200Response.java
  - ./src/main/javagen/io/github/kleecontrib/spring/model/dtos/yousign/GetSignatureRequests200Response.java
  - ./src/main/javagen/io/github/kleecontrib/spring/model/dtos/yousign/GetSignatureRequestsSignatureRequestIdDocumentsDocumentIdFields200Response.java
  - ./src/main/javagen/io/github/kleecontrib/spring/model/dtos/yousign/GetSignatureRequestsSignatureRequestIdDocumentsDocumentIdFields200ResponseDataInner.java
  - ./src/main/javagen/io/github/kleecontrib/spring/model/dtos/yousign/GetSignatureRequestsSignatureRequestIdDocumentsDownloadVersion.java
  - ./src/main/javagen/io/github/kleecontrib/spring/model/dtos/yousign/GetSignatureRequestsSignatureRequestIdDocumentsNature.java
  - ./src/main/javagen/io/github/kleecontrib/spring/model/dtos/yousign/GetSignatureRequestsSignatureRequestIdFollowers200Response.java
  - ./src/main/javagen/io/github/kleecontrib/spring/model/dtos/yousign/GetSignatureRequestsSignatureRequestIdSignersSignerIdDocuments200Response.java
  - ./src/main/javagen/io/github/kleecontrib/spring/model/dtos/yousign/GetSignatureRequestsStatus.java
  - ./src/main/javagen/io/github/kleecontrib/spring/model/dtos/yousign/GetTemplates200Response.java
  - ./src/main/javagen/io/github/kleecontrib/spring/model/dtos/yousign/GetUsers200Response.java
  - ./src/main/javagen/io/github/kleecontrib/spring/model/dtos/yousign/GetWorkspaces200Response.java
  - ./src/main/javagen/io/github/kleecontrib/spring/model/dtos/yousign/InitialsArea.java
  - ./src/main/javagen/io/github/kleecontrib/spring/model/dtos/yousign/InitialsAreaAlignment.java
  - ./src/main/javagen/io/github/kleecontrib/spring/model/dtos/yousign/ListElectronicSealImages200Response.java
  - ./src/main/javagen/io/github/kleecontrib/spring/model/dtos/yousign/Locale.java
  - ./src/main/javagen/io/github/kleecontrib/spring/model/dtos/yousign/Mention.java
  - ./src/main/javagen/io/github/kleecontrib/spring/model/dtos/yousign/Mention1.java
  - ./src/main/javagen/io/github/kleecontrib/spring/model/dtos/yousign/Mention2.java
  - ./src/main/javagen/io/github/kleecontrib/spring/model/dtos/yousign/Mention2Type.java
  - ./src/main/javagen/io/github/kleecontrib/spring/model/dtos/yousign/MentionType.java
  - ./src/main/javagen/io/github/kleecontrib/spring/model/dtos/yousign/Metadata.java
  - ./src/main/javagen/io/github/kleecontrib/spring/model/dtos/yousign/MetadataDataValue.java
  - ./src/main/javagen/io/github/kleecontrib/spring/model/dtos/yousign/Pagination.java
  - ./src/main/javagen/io/github/kleecontrib/spring/model/dtos/yousign/PatchCustomExperienceLogoRequest.java
  - ./src/main/javagen/io/github/kleecontrib/spring/model/dtos/yousign/PatchSignatureRequestsSignatureRequestIdApproversApproverIdRequest.java
  - ./src/main/javagen/io/github/kleecontrib/spring/model/dtos/yousign/PatchSignatureRequestsSignatureRequestIdApproversApproverIdRequestInfo.java
  - ./src/main/javagen/io/github/kleecontrib/spring/model/dtos/yousign/PatchSignatureRequestsSignatureRequestIdApproversApproverIdRequestInfoLocale.java
  - ./src/main/javagen/io/github/kleecontrib/spring/model/dtos/yousign/PostSignatureRequestsSignatureRequestIdApproversRequest.java
  - ./src/main/javagen/io/github/kleecontrib/spring/model/dtos/yousign/PostSignatureRequestsSignatureRequestIdCancelRequest.java
  - ./src/main/javagen/io/github/kleecontrib/spring/model/dtos/yousign/PostSignatureRequestsSignatureRequestIdCancelRequestReason.java
  - ./src/main/javagen/io/github/kleecontrib/spring/model/dtos/yousign/PostSignatureRequestsSignatureRequestIdDocumentsDocumentIdReplaceRequest.java
  - ./src/main/javagen/io/github/kleecontrib/spring/model/dtos/yousign/PostSignatureRequestsSignatureRequestIdReactivateRequest.java
  - ./src/main/javagen/io/github/kleecontrib/spring/model/dtos/yousign/RadioGroup.java
  - ./src/main/javagen/io/github/kleecontrib/spring/model/dtos/yousign/RadioGroup1.java
  - ./src/main/javagen/io/github/kleecontrib/spring/model/dtos/yousign/RadioGroup1RadiosInner.java
  - ./src/main/javagen/io/github/kleecontrib/spring/model/dtos/yousign/RadioGroup2.java
  - ./src/main/javagen/io/github/kleecontrib/spring/model/dtos/yousign/RadioGroup2RadiosInner.java
  - ./src/main/javagen/io/github/kleecontrib/spring/model/dtos/yousign/RadioGroup2Type.java
  - ./src/main/javagen/io/github/kleecontrib/spring/model/dtos/yousign/RadioGroupRadiosInner.java
  - ./src/main/javagen/io/github/kleecontrib/spring/model/dtos/yousign/RadioGroupType.java
  - ./src/main/javagen/io/github/kleecontrib/spring/model/dtos/yousign/ReadOnlyText.java
  - ./src/main/javagen/io/github/kleecontrib/spring/model/dtos/yousign/ReadOnlyText1.java
  - ./src/main/javagen/io/github/kleecontrib/spring/model/dtos/yousign/ReadOnlyTextType.java
  - ./src/main/javagen/io/github/kleecontrib/spring/model/dtos/yousign/Signature.java
  - ./src/main/javagen/io/github/kleecontrib/spring/model/dtos/yousign/Signature1.java
  - ./src/main/javagen/io/github/kleecontrib/spring/model/dtos/yousign/Signature2.java
  - ./src/main/javagen/io/github/kleecontrib/spring/model/dtos/yousign/Signature2Type.java
  - ./src/main/javagen/io/github/kleecontrib/spring/model/dtos/yousign/SignatureRequest.java
  - ./src/main/javagen/io/github/kleecontrib/spring/model/dtos/yousign/SignatureRequestActivated.java
  - ./src/main/javagen/io/github/kleecontrib/spring/model/dtos/yousign/SignatureRequestActivatedAuditTrailLocale.java
  - ./src/main/javagen/io/github/kleecontrib/spring/model/dtos/yousign/SignatureRequestActivatedDeliveryMode.java
  - ./src/main/javagen/io/github/kleecontrib/spring/model/dtos/yousign/SignatureRequestActivatedDocumentsInner.java
  - ./src/main/javagen/io/github/kleecontrib/spring/model/dtos/yousign/SignatureRequestActivatedStatus.java
  - ./src/main/javagen/io/github/kleecontrib/spring/model/dtos/yousign/SignatureRequestAuditTrailLocale.java
  - ./src/main/javagen/io/github/kleecontrib/spring/model/dtos/yousign/SignatureRequestDeclineInformation.java
  - ./src/main/javagen/io/github/kleecontrib/spring/model/dtos/yousign/SignatureRequestDeliveryMode.java
  - ./src/main/javagen/io/github/kleecontrib/spring/model/dtos/yousign/SignatureRequestEmailNotification.java
  - ./src/main/javagen/io/github/kleecontrib/spring/model/dtos/yousign/SignatureRequestEmailNotificationSender.java
  - ./src/main/javagen/io/github/kleecontrib/spring/model/dtos/yousign/SignatureRequestInList.java
  - ./src/main/javagen/io/github/kleecontrib/spring/model/dtos/yousign/SignatureRequestInListApproversInner.java
  - ./src/main/javagen/io/github/kleecontrib/spring/model/dtos/yousign/SignatureRequestInListApproversInnerStatus.java
  - ./src/main/javagen/io/github/kleecontrib/spring/model/dtos/yousign/SignatureRequestInListAuditTrailLocale.java
  - ./src/main/javagen/io/github/kleecontrib/spring/model/dtos/yousign/SignatureRequestInListDeliveryMode.java
  - ./src/main/javagen/io/github/kleecontrib/spring/model/dtos/yousign/SignatureRequestInListDocumentsInner.java
  - ./src/main/javagen/io/github/kleecontrib/spring/model/dtos/yousign/SignatureRequestInListDocumentsInnerNature.java
  - ./src/main/javagen/io/github/kleecontrib/spring/model/dtos/yousign/SignatureRequestInListReminderSettings.java
  - ./src/main/javagen/io/github/kleecontrib/spring/model/dtos/yousign/SignatureRequestInListReminderSettingsIntervalInDays.java
  - ./src/main/javagen/io/github/kleecontrib/spring/model/dtos/yousign/SignatureRequestInListSender.java
  - ./src/main/javagen/io/github/kleecontrib/spring/model/dtos/yousign/SignatureRequestInListSignersInner.java
  - ./src/main/javagen/io/github/kleecontrib/spring/model/dtos/yousign/SignatureRequestInListSignersInnerStatus.java
  - ./src/main/javagen/io/github/kleecontrib/spring/model/dtos/yousign/SignatureRequestInListSource.java
  - ./src/main/javagen/io/github/kleecontrib/spring/model/dtos/yousign/SignatureRequestInListStatus.java
  - ./src/main/javagen/io/github/kleecontrib/spring/model/dtos/yousign/SignatureRequestPlaceholderReadOnlyTextFieldSubstituteInput.java
  - ./src/main/javagen/io/github/kleecontrib/spring/model/dtos/yousign/SignatureRequestPlaceholderSignerSubstituteFromContactIdInput.java
  - ./src/main/javagen/io/github/kleecontrib/spring/model/dtos/yousign/SignatureRequestPlaceholderSignerSubstituteFromContactIdInputDeliveryMode.java
  - ./src/main/javagen/io/github/kleecontrib/spring/model/dtos/yousign/SignatureRequestPlaceholderSignerSubstituteFromContactIdInputSignatureAuthenticationMode.java
  - ./src/main/javagen/io/github/kleecontrib/spring/model/dtos/yousign/SignatureRequestPlaceholderSignerSubstituteFromContactIdInputSignatureLevel.java
  - ./src/main/javagen/io/github/kleecontrib/spring/model/dtos/yousign/SignatureRequestPlaceholderSignerSubstituteFromInfoInput.java
  - ./src/main/javagen/io/github/kleecontrib/spring/model/dtos/yousign/SignatureRequestPlaceholderSignerSubstituteFromInfoInputDeliveryMode.java
  - ./src/main/javagen/io/github/kleecontrib/spring/model/dtos/yousign/SignatureRequestPlaceholderSignerSubstituteFromInfoInputInfo.java
  - ./src/main/javagen/io/github/kleecontrib/spring/model/dtos/yousign/SignatureRequestPlaceholderSignerSubstituteFromInfoInputInfoLocale.java
  - ./src/main/javagen/io/github/kleecontrib/spring/model/dtos/yousign/SignatureRequestPlaceholderSignerSubstituteFromInfoInputSignatureAuthenticationMode.java
  - ./src/main/javagen/io/github/kleecontrib/spring/model/dtos/yousign/SignatureRequestPlaceholderSignerSubstituteFromInfoInputSignatureLevel.java
  - ./src/main/javagen/io/github/kleecontrib/spring/model/dtos/yousign/SignatureRequestPlaceholderSignerSubstituteFromUserIdInput.java
  - ./src/main/javagen/io/github/kleecontrib/spring/model/dtos/yousign/SignatureRequestPlaceholderSignerSubstituteFromUserIdInputDeliveryMode.java
  - ./src/main/javagen/io/github/kleecontrib/spring/model/dtos/yousign/SignatureRequestPlaceholderSignerSubstituteFromUserIdInputSignatureAuthenticationMode.java
  - ./src/main/javagen/io/github/kleecontrib/spring/model/dtos/yousign/SignatureRequestPlaceholderSignerSubstituteFromUserIdInputSignatureLevel.java
  - ./src/main/javagen/io/github/kleecontrib/spring/model/dtos/yousign/SignatureRequestSignerFromContactIdInput.java
  - ./src/main/javagen/io/github/kleecontrib/spring/model/dtos/yousign/SignatureRequestSignerFromContactIdInputSignatureAuthenticationMode.java
  - ./src/main/javagen/io/github/kleecontrib/spring/model/dtos/yousign/SignatureRequestSignerFromContactIdInputSignatureLevel.java
  - ./src/main/javagen/io/github/kleecontrib/spring/model/dtos/yousign/SignatureRequestSignerFromInfoInput.java
  - ./src/main/javagen/io/github/kleecontrib/spring/model/dtos/yousign/SignatureRequestSignerFromInfoInputInfo.java
  - ./src/main/javagen/io/github/kleecontrib/spring/model/dtos/yousign/SignatureRequestSignerFromInfoInputInfoLocale.java
  - ./src/main/javagen/io/github/kleecontrib/spring/model/dtos/yousign/SignatureRequestSignerFromInfoInputSignatureAuthenticationMode.java
  - ./src/main/javagen/io/github/kleecontrib/spring/model/dtos/yousign/SignatureRequestSignerFromInfoInputSignatureLevel.java
  - ./src/main/javagen/io/github/kleecontrib/spring/model/dtos/yousign/SignatureRequestSignerFromUserIdInput.java
  - ./src/main/javagen/io/github/kleecontrib/spring/model/dtos/yousign/SignatureRequestSignerFromUserIdInputSignatureAuthenticationMode.java
  - ./src/main/javagen/io/github/kleecontrib/spring/model/dtos/yousign/SignatureRequestSignerFromUserIdInputSignatureLevel.java
  - ./src/main/javagen/io/github/kleecontrib/spring/model/dtos/yousign/SignatureRequestSource.java
  - ./src/main/javagen/io/github/kleecontrib/spring/model/dtos/yousign/SignatureRequestStatus.java
  - ./src/main/javagen/io/github/kleecontrib/spring/model/dtos/yousign/SignatureType.java
  - ./src/main/javagen/io/github/kleecontrib/spring/model/dtos/yousign/Signer.java
  - ./src/main/javagen/io/github/kleecontrib/spring/model/dtos/yousign/SignerAuditTrail.java
  - ./src/main/javagen/io/github/kleecontrib/spring/model/dtos/yousign/SignerCustomText.java
  - ./src/main/javagen/io/github/kleecontrib/spring/model/dtos/yousign/SignerDeliveryMode.java
  - ./src/main/javagen/io/github/kleecontrib/spring/model/dtos/yousign/SignerDocument.java
  - ./src/main/javagen/io/github/kleecontrib/spring/model/dtos/yousign/SignerDocumentRequest.java
  - ./src/main/javagen/io/github/kleecontrib/spring/model/dtos/yousign/SignerFieldsInner.java
  - ./src/main/javagen/io/github/kleecontrib/spring/model/dtos/yousign/SignerInfo.java
  - ./src/main/javagen/io/github/kleecontrib/spring/model/dtos/yousign/SignerInfoLocale.java
  - ./src/main/javagen/io/github/kleecontrib/spring/model/dtos/yousign/SignerRedirectUrls.java
  - ./src/main/javagen/io/github/kleecontrib/spring/model/dtos/yousign/SignerSign.java
  - ./src/main/javagen/io/github/kleecontrib/spring/model/dtos/yousign/SignerSignatureAuthenticationMode.java
  - ./src/main/javagen/io/github/kleecontrib/spring/model/dtos/yousign/SignerSignatureLevel.java
  - ./src/main/javagen/io/github/kleecontrib/spring/model/dtos/yousign/SignerSIPAddress.java
  - ./src/main/javagen/io/github/kleecontrib/spring/model/dtos/yousign/SignerStatus.java
  - ./src/main/javagen/io/github/kleecontrib/spring/model/dtos/yousign/Template.java
  - ./src/main/javagen/io/github/kleecontrib/spring/model/dtos/yousign/TemplateStatus.java
  - ./src/main/javagen/io/github/kleecontrib/spring/model/dtos/yousign/Text.java
  - ./src/main/javagen/io/github/kleecontrib/spring/model/dtos/yousign/Text1.java
  - ./src/main/javagen/io/github/kleecontrib/spring/model/dtos/yousign/Text2.java
  - ./src/main/javagen/io/github/kleecontrib/spring/model/dtos/yousign/Text2Type.java
  - ./src/main/javagen/io/github/kleecontrib/spring/model/dtos/yousign/TextType.java
  - ./src/main/javagen/io/github/kleecontrib/spring/model/dtos/yousign/UpdateContact.java
  - ./src/main/javagen/io/github/kleecontrib/spring/model/dtos/yousign/UpdateContactLocale.java
  - ./src/main/javagen/io/github/kleecontrib/spring/model/dtos/yousign/UpdateCustomExperience.java
  - ./src/main/javagen/io/github/kleecontrib/spring/model/dtos/yousign/UpdateDocument.java
  - ./src/main/javagen/io/github/kleecontrib/spring/model/dtos/yousign/UpdateDocumentNature.java
  - ./src/main/javagen/io/github/kleecontrib/spring/model/dtos/yousign/UpdateField.java
  - ./src/main/javagen/io/github/kleecontrib/spring/model/dtos/yousign/UpdateFieldFont.java
  - ./src/main/javagen/io/github/kleecontrib/spring/model/dtos/yousign/UpdateFieldFontFamily.java
  - ./src/main/javagen/io/github/kleecontrib/spring/model/dtos/yousign/UpdateSignatureRequest.java
  - ./src/main/javagen/io/github/kleecontrib/spring/model/dtos/yousign/UpdateSignatureRequestDeliveryMode.java
  - ./src/main/javagen/io/github/kleecontrib/spring/model/dtos/yousign/UpdateSignatureRequestMetadata.java
  - ./src/main/javagen/io/github/kleecontrib/spring/model/dtos/yousign/UpdateSignatureRequestMetadataDataValue.java
  - ./src/main/javagen/io/github/kleecontrib/spring/model/dtos/yousign/UpdateSignatureRequestReminderSettings.java
  - ./src/main/javagen/io/github/kleecontrib/spring/model/dtos/yousign/UpdateSignatureRequestReminderSettingsIntervalInDays.java
  - ./src/main/javagen/io/github/kleecontrib/spring/model/dtos/yousign/UpdateSigner.java
  - ./src/main/javagen/io/github/kleecontrib/spring/model/dtos/yousign/UpdateSignerDeliveryMode.java
  - ./src/main/javagen/io/github/kleecontrib/spring/model/dtos/yousign/UpdateSignerInfo.java
  - ./src/main/javagen/io/github/kleecontrib/spring/model/dtos/yousign/UpdateSignerInfoLocale.java
  - ./src/main/javagen/io/github/kleecontrib/spring/model/dtos/yousign/UpdateSignerSignatureAuthenticationMode.java
  - ./src/main/javagen/io/github/kleecontrib/spring/model/dtos/yousign/UpdateSignerSignatureLevel.java
  - ./src/main/javagen/io/github/kleecontrib/spring/model/dtos/yousign/UpdateWebhookSubscription.java
  - ./src/main/javagen/io/github/kleecontrib/spring/model/dtos/yousign/UploadElectronicSealDocument.java
  - ./src/main/javagen/io/github/kleecontrib/spring/model/dtos/yousign/UploadElectronicSealImage.java
  - ./src/main/javagen/io/github/kleecontrib/spring/model/dtos/yousign/User.java
  - ./src/main/javagen/io/github/kleecontrib/spring/model/dtos/yousign/UserRole.java
  - ./src/main/javagen/io/github/kleecontrib/spring/model/dtos/yousign/UserWorkspacesInner.java
  - ./src/main/javagen/io/github/kleecontrib/spring/model/dtos/yousign/WebhookSubscription.java
  - ./src/main/javagen/io/github/kleecontrib/spring/model/dtos/yousign/WebhookSubscriptionScopes.java
  - ./src/main/javagen/io/github/kleecontrib/spring/model/dtos/yousign/WebhookSubscriptionSubscribedEvents.java
  - ./src/main/javagen/io/github/kleecontrib/spring/model/dtos/yousign/Workspace.java
  - ./src/main/javagen/io/github/kleecontrib/spring/model/dtos/yousign/WorkspaceUsersInner.java
  - ./src/main/javagen/io/github/kleecontrib/spring/model/enums/yousign/ApproverInfoLocaleValue.java
  - ./src/main/javagen/io/github/kleecontrib/spring/model/enums/yousign/ApproverStatusValue.java
  - ./src/main/javagen/io/github/kleecontrib/spring/model/enums/yousign/ApproverToNotifyStatusValue.java
  - ./src/main/javagen/io/github/kleecontrib/spring/model/enums/yousign/AuditTrailLocaleValue.java
  - ./src/main/javagen/io/github/kleecontrib/spring/model/enums/yousign/Checkbox2TypeValue.java
  - ./src/main/javagen/io/github/kleecontrib/spring/model/enums/yousign/CheckboxTypeValue.java
  - ./src/main/javagen/io/github/kleecontrib/spring/model/enums/yousign/CreateContactLocaleValue.java
  - ./src/main/javagen/io/github/kleecontrib/spring/model/enums/yousign/CreateDocumentNatureValue.java
  - ./src/main/javagen/io/github/kleecontrib/spring/model/enums/yousign/CreateElectronicSealFieldReadOnlyTextPayloadTypeValue.java
  - ./src/main/javagen/io/github/kleecontrib/spring/model/enums/yousign/CreateElectronicSealFieldSealPayloadTypeValue.java
  - ./src/main/javagen/io/github/kleecontrib/spring/model/enums/yousign/CreateElectronicSealPayloadSignatureLevelValue.java
  - ./src/main/javagen/io/github/kleecontrib/spring/model/enums/yousign/CreateFollowerLocaleValue.java
  - ./src/main/javagen/io/github/kleecontrib/spring/model/enums/yousign/CreateFollowersInnerLocaleValue.java
  - ./src/main/javagen/io/github/kleecontrib/spring/model/enums/yousign/CreateSignatureRequestDeliveryModeValue.java
  - ./src/main/javagen/io/github/kleecontrib/spring/model/enums/yousign/CustomExperienceSourceValue.java
  - ./src/main/javagen/io/github/kleecontrib/spring/model/enums/yousign/DocumentInitialsAlignmentValue.java
  - ./src/main/javagen/io/github/kleecontrib/spring/model/enums/yousign/DocumentNatureValue.java
  - ./src/main/javagen/io/github/kleecontrib/spring/model/enums/yousign/ElectronicSealSignatureLevelValue.java
  - ./src/main/javagen/io/github/kleecontrib/spring/model/enums/yousign/ElectronicSealStatusValue.java
  - ./src/main/javagen/io/github/kleecontrib/spring/model/enums/yousign/EmbeddedSignerWithSignatureLinkStatusValue.java
  - ./src/main/javagen/io/github/kleecontrib/spring/model/enums/yousign/FieldCheckboxTypeValue.java
  - ./src/main/javagen/io/github/kleecontrib/spring/model/enums/yousign/FieldMentionTypeValue.java
  - ./src/main/javagen/io/github/kleecontrib/spring/model/enums/yousign/FieldRadioButtonGroupTypeValue.java
  - ./src/main/javagen/io/github/kleecontrib/spring/model/enums/yousign/FieldReadOnlyTextTypeValue.java
  - ./src/main/javagen/io/github/kleecontrib/spring/model/enums/yousign/FieldSignatureTypeValue.java
  - ./src/main/javagen/io/github/kleecontrib/spring/model/enums/yousign/FieldTextTypeValue.java
  - ./src/main/javagen/io/github/kleecontrib/spring/model/enums/yousign/FollowerLocaleValue.java
  - ./src/main/javagen/io/github/kleecontrib/spring/model/enums/yousign/FromExistingContact1DeliveryModeValue.java
  - ./src/main/javagen/io/github/kleecontrib/spring/model/enums/yousign/FromExistingContact1SignatureAuthenticationModeValue.java
  - ./src/main/javagen/io/github/kleecontrib/spring/model/enums/yousign/FromExistingContact1SignatureLevelValue.java
  - ./src/main/javagen/io/github/kleecontrib/spring/model/enums/yousign/FromExistingUser1DeliveryModeValue.java
  - ./src/main/javagen/io/github/kleecontrib/spring/model/enums/yousign/FromExistingUser1SignatureAuthenticationModeValue.java
  - ./src/main/javagen/io/github/kleecontrib/spring/model/enums/yousign/FromExistingUser1SignatureLevelValue.java
  - ./src/main/javagen/io/github/kleecontrib/spring/model/enums/yousign/FromScratch1DeliveryModeValue.java
  - ./src/main/javagen/io/github/kleecontrib/spring/model/enums/yousign/FromScratch1InfoLocaleValue.java
  - ./src/main/javagen/io/github/kleecontrib/spring/model/enums/yousign/FromScratch1SignatureAuthenticationModeValue.java
  - ./src/main/javagen/io/github/kleecontrib/spring/model/enums/yousign/FromScratch1SignatureLevelValue.java
  - ./src/main/javagen/io/github/kleecontrib/spring/model/enums/yousign/FromScratchInfoLocaleValue.java
  - ./src/main/javagen/io/github/kleecontrib/spring/model/enums/yousign/GetSignatureRequestsSignatureRequestIdDocumentsDownloadVersionValue.java
  - ./src/main/javagen/io/github/kleecontrib/spring/model/enums/yousign/GetSignatureRequestsSignatureRequestIdDocumentsNatureValue.java
  - ./src/main/javagen/io/github/kleecontrib/spring/model/enums/yousign/GetSignatureRequestsStatusValue.java
  - ./src/main/javagen/io/github/kleecontrib/spring/model/enums/yousign/InitialsAreaAlignmentValue.java
  - ./src/main/javagen/io/github/kleecontrib/spring/model/enums/yousign/LocaleValue.java
  - ./src/main/javagen/io/github/kleecontrib/spring/model/enums/yousign/Mention2TypeValue.java
  - ./src/main/javagen/io/github/kleecontrib/spring/model/enums/yousign/MentionTypeValue.java
  - ./src/main/javagen/io/github/kleecontrib/spring/model/enums/yousign/PatchSignatureRequestsSignatureRequestIdApproversApproverIdRequestInfoLocaleValue.java
  - ./src/main/javagen/io/github/kleecontrib/spring/model/enums/yousign/PostSignatureRequestsSignatureRequestIdCancelRequestReasonValue.java
  - ./src/main/javagen/io/github/kleecontrib/spring/model/enums/yousign/RadioGroup2TypeValue.java
  - ./src/main/javagen/io/github/kleecontrib/spring/model/enums/yousign/RadioGroupTypeValue.java
  - ./src/main/javagen/io/github/kleecontrib/spring/model/enums/yousign/ReadOnlyTextTypeValue.java
  - ./src/main/javagen/io/github/kleecontrib/spring/model/enums/yousign/Signature2TypeValue.java
  - ./src/main/javagen/io/github/kleecontrib/spring/model/enums/yousign/SignatureRequestActivatedAuditTrailLocaleValue.java
  - ./src/main/javagen/io/github/kleecontrib/spring/model/enums/yousign/SignatureRequestActivatedDeliveryModeValue.java
  - ./src/main/javagen/io/github/kleecontrib/spring/model/enums/yousign/SignatureRequestActivatedStatusValue.java
  - ./src/main/javagen/io/github/kleecontrib/spring/model/enums/yousign/SignatureRequestAuditTrailLocaleValue.java
  - ./src/main/javagen/io/github/kleecontrib/spring/model/enums/yousign/SignatureRequestDeliveryModeValue.java
  - ./src/main/javagen/io/github/kleecontrib/spring/model/enums/yousign/SignatureRequestInListApproversInnerStatusValue.java
  - ./src/main/javagen/io/github/kleecontrib/spring/model/enums/yousign/SignatureRequestInListAuditTrailLocaleValue.java
  - ./src/main/javagen/io/github/kleecontrib/spring/model/enums/yousign/SignatureRequestInListDeliveryModeValue.java
  - ./src/main/javagen/io/github/kleecontrib/spring/model/enums/yousign/SignatureRequestInListDocumentsInnerNatureValue.java
  - ./src/main/javagen/io/github/kleecontrib/spring/model/enums/yousign/SignatureRequestInListSignersInnerStatusValue.java
  - ./src/main/javagen/io/github/kleecontrib/spring/model/enums/yousign/SignatureRequestInListSourceValue.java
  - ./src/main/javagen/io/github/kleecontrib/spring/model/enums/yousign/SignatureRequestInListStatusValue.java
  - ./src/main/javagen/io/github/kleecontrib/spring/model/enums/yousign/SignatureRequestPlaceholderSignerSubstituteFromContactIdInputDeliveryModeValue.java
  - ./src/main/javagen/io/github/kleecontrib/spring/model/enums/yousign/SignatureRequestPlaceholderSignerSubstituteFromContactIdInputSignatureAuthenticationModeValue.java
  - ./src/main/javagen/io/github/kleecontrib/spring/model/enums/yousign/SignatureRequestPlaceholderSignerSubstituteFromContactIdInputSignatureLevelValue.java
  - ./src/main/javagen/io/github/kleecontrib/spring/model/enums/yousign/SignatureRequestPlaceholderSignerSubstituteFromInfoInputDeliveryModeValue.java
  - ./src/main/javagen/io/github/kleecontrib/spring/model/enums/yousign/SignatureRequestPlaceholderSignerSubstituteFromInfoInputInfoLocaleValue.java
  - ./src/main/javagen/io/github/kleecontrib/spring/model/enums/yousign/SignatureRequestPlaceholderSignerSubstituteFromInfoInputSignatureAuthenticationModeValue.java
  - ./src/main/javagen/io/github/kleecontrib/spring/model/enums/yousign/SignatureRequestPlaceholderSignerSubstituteFromInfoInputSignatureLevelValue.java
  - ./src/main/javagen/io/github/kleecontrib/spring/model/enums/yousign/SignatureRequestPlaceholderSignerSubstituteFromUserIdInputDeliveryModeValue.java
  - ./src/main/javagen/io/github/kleecontrib/spring/model/enums/yousign/SignatureRequestPlaceholderSignerSubstituteFromUserIdInputSignatureAuthenticationModeValue.java
  - ./src/main/javagen/io/github/kleecontrib/spring/model/enums/yousign/SignatureRequestPlaceholderSignerSubstituteFromUserIdInputSignatureLevelValue.java
  - ./src/main/javagen/io/github/kleecontrib/spring/model/enums/yousign/SignatureRequestSignerFromContactIdInputSignatureAuthenticationModeValue.java
  - ./src/main/javagen/io/github/kleecontrib/spring/model/enums/yousign/SignatureRequestSignerFromContactIdInputSignatureLevelValue.java
  - ./src/main/javagen/io/github/kleecontrib/spring/model/enums/yousign/SignatureRequestSignerFromInfoInputInfoLocaleValue.java
  - ./src/main/javagen/io/github/kleecontrib/spring/model/enums/yousign/SignatureRequestSignerFromInfoInputSignatureAuthenticationModeValue.java
  - ./src/main/javagen/io/github/kleecontrib/spring/model/enums/yousign/SignatureRequestSignerFromInfoInputSignatureLevelValue.java
  - ./src/main/javagen/io/github/kleecontrib/spring/model/enums/yousign/SignatureRequestSignerFromUserIdInputSignatureAuthenticationModeValue.java
  - ./src/main/javagen/io/github/kleecontrib/spring/model/enums/yousign/SignatureRequestSignerFromUserIdInputSignatureLevelValue.java
  - ./src/main/javagen/io/github/kleecontrib/spring/model/enums/yousign/SignatureRequestSourceValue.java
  - ./src/main/javagen/io/github/kleecontrib/spring/model/enums/yousign/SignatureRequestStatusValue.java
  - ./src/main/javagen/io/github/kleecontrib/spring/model/enums/yousign/SignatureTypeValue.java
  - ./src/main/javagen/io/github/kleecontrib/spring/model/enums/yousign/SignerDeliveryModeValue.java
  - ./src/main/javagen/io/github/kleecontrib/spring/model/enums/yousign/SignerInfoLocaleValue.java
  - ./src/main/javagen/io/github/kleecontrib/spring/model/enums/yousign/SignerSignatureAuthenticationModeValue.java
  - ./src/main/javagen/io/github/kleecontrib/spring/model/enums/yousign/SignerSignatureLevelValue.java
  - ./src/main/javagen/io/github/kleecontrib/spring/model/enums/yousign/SignerStatusValue.java
  - ./src/main/javagen/io/github/kleecontrib/spring/model/enums/yousign/TemplateStatusValue.java
  - ./src/main/javagen/io/github/kleecontrib/spring/model/enums/yousign/Text2TypeValue.java
  - ./src/main/javagen/io/github/kleecontrib/spring/model/enums/yousign/TextTypeValue.java
  - ./src/main/javagen/io/github/kleecontrib/spring/model/enums/yousign/UpdateContactLocaleValue.java
  - ./src/main/javagen/io/github/kleecontrib/spring/model/enums/yousign/UpdateDocumentNatureValue.java
  - ./src/main/javagen/io/github/kleecontrib/spring/model/enums/yousign/UpdateSignatureRequestDeliveryModeValue.java
  - ./src/main/javagen/io/github/kleecontrib/spring/model/enums/yousign/UpdateSignerDeliveryModeValue.java
  - ./src/main/javagen/io/github/kleecontrib/spring/model/enums/yousign/UpdateSignerInfoLocaleValue.java
  - ./src/main/javagen/io/github/kleecontrib/spring/model/enums/yousign/UpdateSignerSignatureAuthenticationModeValue.java
  - ./src/main/javagen/io/github/kleecontrib/spring/model/enums/yousign/UpdateSignerSignatureLevelValue.java
  - ./src/main/javagen/io/github/kleecontrib/spring/model/enums/yousign/UserRoleValue.java
